// !$*UTF8*$!
{
	archiveVersion = 1;
	classes = {
	};
	objectVersion = 56;
	objects = {

/* Begin PBXBuildFile section */
		855139122C8B176800A8AA7B /* AppDelegate.swift in Sources */ = {isa = PBXBuildFile; fileRef = 855139112C8B176800A8AA7B /* AppDelegate.swift */; };
		855139142C8B176800A8AA7B /* SceneDelegate.swift in Sources */ = {isa = PBXBuildFile; fileRef = 855139132C8B176800A8AA7B /* SceneDelegate.swift */; };
		855139162C8B176800A8AA7B /* RMTabBarController.swift in Sources */ = {isa = PBXBuildFile; fileRef = 855139152C8B176800A8AA7B /* RMTabBarController.swift */; };
		8551391B2C8B176A00A8AA7B /* Assets.xcassets in Resources */ = {isa = PBXBuildFile; fileRef = 8551391A2C8B176A00A8AA7B /* Assets.xcassets */; };
		8551391E2C8B176A00A8AA7B /* LaunchScreen.storyboard in Resources */ = {isa = PBXBuildFile; fileRef = 8551391C2C8B176A00A8AA7B /* LaunchScreen.storyboard */; };
		8551392D2C8B193300A8AA7B /* RMLocation.swift in Sources */ = {isa = PBXBuildFile; fileRef = 8551392C2C8B193300A8AA7B /* RMLocation.swift */; };
		8551392F2C8B195F00A8AA7B /* RMCharacter.swift in Sources */ = {isa = PBXBuildFile; fileRef = 8551392E2C8B195F00A8AA7B /* RMCharacter.swift */; };
		855139312C8B196500A8AA7B /* RMEpisode.swift in Sources */ = {isa = PBXBuildFile; fileRef = 855139302C8B196500A8AA7B /* RMEpisode.swift */; };
		855139342C8B1A5100A8AA7B /* RMCharacterViewController.swift in Sources */ = {isa = PBXBuildFile; fileRef = 855139332C8B1A5100A8AA7B /* RMCharacterViewController.swift */; };
		855139362C8B1A5B00A8AA7B /* RMLocationViewController.swift in Sources */ = {isa = PBXBuildFile; fileRef = 855139352C8B1A5B00A8AA7B /* RMLocationViewController.swift */; };
		855139382C8B1A6200A8AA7B /* RMEpisodeViewController.swift in Sources */ = {isa = PBXBuildFile; fileRef = 855139372C8B1A6200A8AA7B /* RMEpisodeViewController.swift */; };
		8551393A2C8B1A6B00A8AA7B /* RMSettingsViewController.swift in Sources */ = {isa = PBXBuildFile; fileRef = 855139392C8B1A6B00A8AA7B /* RMSettingsViewController.swift */; };
		8551393C2C8B219C00A8AA7B /* RMService.swift in Sources */ = {isa = PBXBuildFile; fileRef = 8551393B2C8B219C00A8AA7B /* RMService.swift */; };
		8551393E2C8B21AD00A8AA7B /* RMRequest.swift in Sources */ = {isa = PBXBuildFile; fileRef = 8551393D2C8B21AD00A8AA7B /* RMRequest.swift */; };
		855139402C8B222400A8AA7B /* RMEndpoint.swift in Sources */ = {isa = PBXBuildFile; fileRef = 8551393F2C8B222400A8AA7B /* RMEndpoint.swift */; };
		855139422C8B2CB000A8AA7B /* RMOrigin.swift in Sources */ = {isa = PBXBuildFile; fileRef = 855139412C8B2CB000A8AA7B /* RMOrigin.swift */; };
		855139442C8B2CFF00A8AA7B /* RMSingleLocation.swift in Sources */ = {isa = PBXBuildFile; fileRef = 855139432C8B2CFF00A8AA7B /* RMSingleLocation.swift */; };
		855139462C8B2D5900A8AA7B /* RMCharacterStatus.swift in Sources */ = {isa = PBXBuildFile; fileRef = 855139452C8B2D5900A8AA7B /* RMCharacterStatus.swift */; };
		855139482C8B2DEC00A8AA7B /* RMCharacterGender.swift in Sources */ = {isa = PBXBuildFile; fileRef = 855139472C8B2DEC00A8AA7B /* RMCharacterGender.swift */; };
		8551394A2C8B41B400A8AA7B /* RMServiceError.swift in Sources */ = {isa = PBXBuildFile; fileRef = 855139492C8B41B400A8AA7B /* RMServiceError.swift */; };
		8551394E2C8B4E3900A8AA7B /* RMGetAllCharactersResponse.swift in Sources */ = {isa = PBXBuildFile; fileRef = 8551394D2C8B4E3900A8AA7B /* RMGetAllCharactersResponse.swift */; };
		855139502C8B518000A8AA7B /* RMCharacterListViewViewModel.swift in Sources */ = {isa = PBXBuildFile; fileRef = 8551394F2C8B518000A8AA7B /* RMCharacterListViewViewModel.swift */; };
		855139522C8B51D200A8AA7B /* RMCharacterListView.swift in Sources */ = {isa = PBXBuildFile; fileRef = 855139512C8B51D100A8AA7B /* RMCharacterListView.swift */; };
		855139542C8B549700A8AA7B /* Extensions.swift in Sources */ = {isa = PBXBuildFile; fileRef = 855139532C8B549700A8AA7B /* Extensions.swift */; };
		855139562C8B594600A8AA7B /* RMCharacterCell.swift in Sources */ = {isa = PBXBuildFile; fileRef = 855139552C8B594600A8AA7B /* RMCharacterCell.swift */; };
		855139582C8B5A3900A8AA7B /* RMCharacterCellViewModel.swift in Sources */ = {isa = PBXBuildFile; fileRef = 855139572C8B5A3900A8AA7B /* RMCharacterCellViewModel.swift */; };
		8551395B2C8C57C400A8AA7B /* RMCharacterDetailViewController.swift in Sources */ = {isa = PBXBuildFile; fileRef = 8551395A2C8C57C400A8AA7B /* RMCharacterDetailViewController.swift */; };
		8551395D2C8C588B00A8AA7B /* RMCharacterDetailView.swift in Sources */ = {isa = PBXBuildFile; fileRef = 8551395C2C8C588B00A8AA7B /* RMCharacterDetailView.swift */; };
		8551395F2C8C589900A8AA7B /* RMCharacterDetailViewViewModel.swift in Sources */ = {isa = PBXBuildFile; fileRef = 8551395E2C8C589900A8AA7B /* RMCharacterDetailViewViewModel.swift */; };
		855139612C8CA69900A8AA7B /* RMFooterLoadingCollectionReusableView.swift in Sources */ = {isa = PBXBuildFile; fileRef = 855139602C8CA69900A8AA7B /* RMFooterLoadingCollectionReusableView.swift */; };
		858122C82C8F278200B5DEB8 /* RMImageLoader.swift in Sources */ = {isa = PBXBuildFile; fileRef = 858122C72C8F278200B5DEB8 /* RMImageLoader.swift */; };
/* End PBXBuildFile section */

/* Begin PBXFileReference section */
		8551390E2C8B176800A8AA7B /* RickAndMorty.app */ = {isa = PBXFileReference; explicitFileType = wrapper.application; includeInIndex = 0; path = RickAndMorty.app; sourceTree = BUILT_PRODUCTS_DIR; };
		855139112C8B176800A8AA7B /* AppDelegate.swift */ = {isa = PBXFileReference; lastKnownFileType = sourcecode.swift; path = AppDelegate.swift; sourceTree = "<group>"; };
		855139132C8B176800A8AA7B /* SceneDelegate.swift */ = {isa = PBXFileReference; lastKnownFileType = sourcecode.swift; path = SceneDelegate.swift; sourceTree = "<group>"; };
		855139152C8B176800A8AA7B /* RMTabBarController.swift */ = {isa = PBXFileReference; lastKnownFileType = sourcecode.swift; path = RMTabBarController.swift; sourceTree = "<group>"; };
		8551391A2C8B176A00A8AA7B /* Assets.xcassets */ = {isa = PBXFileReference; lastKnownFileType = folder.assetcatalog; path = Assets.xcassets; sourceTree = "<group>"; };
		8551391D2C8B176A00A8AA7B /* Base */ = {isa = PBXFileReference; lastKnownFileType = file.storyboard; name = Base; path = Base.lproj/LaunchScreen.storyboard; sourceTree = "<group>"; };
		8551391F2C8B176A00A8AA7B /* Info.plist */ = {isa = PBXFileReference; lastKnownFileType = text.plist.xml; path = Info.plist; sourceTree = "<group>"; };
		8551392C2C8B193300A8AA7B /* RMLocation.swift */ = {isa = PBXFileReference; lastKnownFileType = sourcecode.swift; path = RMLocation.swift; sourceTree = "<group>"; };
		8551392E2C8B195F00A8AA7B /* RMCharacter.swift */ = {isa = PBXFileReference; lastKnownFileType = sourcecode.swift; path = RMCharacter.swift; sourceTree = "<group>"; };
		855139302C8B196500A8AA7B /* RMEpisode.swift */ = {isa = PBXFileReference; lastKnownFileType = sourcecode.swift; path = RMEpisode.swift; sourceTree = "<group>"; };
		855139332C8B1A5100A8AA7B /* RMCharacterViewController.swift */ = {isa = PBXFileReference; lastKnownFileType = sourcecode.swift; path = RMCharacterViewController.swift; sourceTree = "<group>"; };
		855139352C8B1A5B00A8AA7B /* RMLocationViewController.swift */ = {isa = PBXFileReference; lastKnownFileType = sourcecode.swift; path = RMLocationViewController.swift; sourceTree = "<group>"; };
		855139372C8B1A6200A8AA7B /* RMEpisodeViewController.swift */ = {isa = PBXFileReference; lastKnownFileType = sourcecode.swift; path = RMEpisodeViewController.swift; sourceTree = "<group>"; };
		855139392C8B1A6B00A8AA7B /* RMSettingsViewController.swift */ = {isa = PBXFileReference; lastKnownFileType = sourcecode.swift; path = RMSettingsViewController.swift; sourceTree = "<group>"; };
		8551393B2C8B219C00A8AA7B /* RMService.swift */ = {isa = PBXFileReference; lastKnownFileType = sourcecode.swift; path = RMService.swift; sourceTree = "<group>"; };
		8551393D2C8B21AD00A8AA7B /* RMRequest.swift */ = {isa = PBXFileReference; lastKnownFileType = sourcecode.swift; path = RMRequest.swift; sourceTree = "<group>"; };
		8551393F2C8B222400A8AA7B /* RMEndpoint.swift */ = {isa = PBXFileReference; lastKnownFileType = sourcecode.swift; path = RMEndpoint.swift; sourceTree = "<group>"; };
		855139412C8B2CB000A8AA7B /* RMOrigin.swift */ = {isa = PBXFileReference; lastKnownFileType = sourcecode.swift; path = RMOrigin.swift; sourceTree = "<group>"; };
		855139432C8B2CFF00A8AA7B /* RMSingleLocation.swift */ = {isa = PBXFileReference; lastKnownFileType = sourcecode.swift; path = RMSingleLocation.swift; sourceTree = "<group>"; };
		855139452C8B2D5900A8AA7B /* RMCharacterStatus.swift */ = {isa = PBXFileReference; lastKnownFileType = sourcecode.swift; path = RMCharacterStatus.swift; sourceTree = "<group>"; };
		855139472C8B2DEC00A8AA7B /* RMCharacterGender.swift */ = {isa = PBXFileReference; lastKnownFileType = sourcecode.swift; path = RMCharacterGender.swift; sourceTree = "<group>"; };
		855139492C8B41B400A8AA7B /* RMServiceError.swift */ = {isa = PBXFileReference; lastKnownFileType = sourcecode.swift; path = RMServiceError.swift; sourceTree = "<group>"; };
		8551394D2C8B4E3900A8AA7B /* RMGetAllCharactersResponse.swift */ = {isa = PBXFileReference; lastKnownFileType = sourcecode.swift; path = RMGetAllCharactersResponse.swift; sourceTree = "<group>"; };
		8551394F2C8B518000A8AA7B /* RMCharacterListViewViewModel.swift */ = {isa = PBXFileReference; lastKnownFileType = sourcecode.swift; path = RMCharacterListViewViewModel.swift; sourceTree = "<group>"; };
		855139512C8B51D100A8AA7B /* RMCharacterListView.swift */ = {isa = PBXFileReference; lastKnownFileType = sourcecode.swift; path = RMCharacterListView.swift; sourceTree = "<group>"; };
		855139532C8B549700A8AA7B /* Extensions.swift */ = {isa = PBXFileReference; lastKnownFileType = sourcecode.swift; path = Extensions.swift; sourceTree = "<group>"; };
		855139552C8B594600A8AA7B /* RMCharacterCell.swift */ = {isa = PBXFileReference; lastKnownFileType = sourcecode.swift; path = RMCharacterCell.swift; sourceTree = "<group>"; };
		855139572C8B5A3900A8AA7B /* RMCharacterCellViewModel.swift */ = {isa = PBXFileReference; lastKnownFileType = sourcecode.swift; path = RMCharacterCellViewModel.swift; sourceTree = "<group>"; };
		8551395A2C8C57C400A8AA7B /* RMCharacterDetailViewController.swift */ = {isa = PBXFileReference; lastKnownFileType = sourcecode.swift; path = RMCharacterDetailViewController.swift; sourceTree = "<group>"; };
		8551395C2C8C588B00A8AA7B /* RMCharacterDetailView.swift */ = {isa = PBXFileReference; lastKnownFileType = sourcecode.swift; path = RMCharacterDetailView.swift; sourceTree = "<group>"; };
		8551395E2C8C589900A8AA7B /* RMCharacterDetailViewViewModel.swift */ = {isa = PBXFileReference; lastKnownFileType = sourcecode.swift; path = RMCharacterDetailViewViewModel.swift; sourceTree = "<group>"; };
		855139602C8CA69900A8AA7B /* RMFooterLoadingCollectionReusableView.swift */ = {isa = PBXFileReference; lastKnownFileType = sourcecode.swift; path = RMFooterLoadingCollectionReusableView.swift; sourceTree = "<group>"; };
		858122C72C8F278200B5DEB8 /* RMImageLoader.swift */ = {isa = PBXFileReference; lastKnownFileType = sourcecode.swift; path = RMImageLoader.swift; sourceTree = "<group>"; };
/* End PBXFileReference section */

/* Begin PBXFrameworksBuildPhase section */
		8551390B2C8B176800A8AA7B /* Frameworks */ = {
			isa = PBXFrameworksBuildPhase;
			buildActionMask = 2147483647;
			files = (
			);
			runOnlyForDeploymentPostprocessing = 0;
		};
/* End PBXFrameworksBuildPhase section */

/* Begin PBXGroup section */
		855139052C8B176800A8AA7B = {
			isa = PBXGroup;
			children = (
				855139102C8B176800A8AA7B /* RickAndMorty */,
				8551390F2C8B176800A8AA7B /* Products */,
			);
			sourceTree = "<group>";
		};
		8551390F2C8B176800A8AA7B /* Products */ = {
			isa = PBXGroup;
			children = (
				8551390E2C8B176800A8AA7B /* RickAndMorty.app */,
			);
			name = Products;
			sourceTree = "<group>";
		};
		855139102C8B176800A8AA7B /* RickAndMorty */ = {
			isa = PBXGroup;
			children = (
				8551392B2C8B18CC00A8AA7B /* Resources */,
				8551392A2C8B18C700A8AA7B /* Managers */,
				855139292C8B18B500A8AA7B /* APIClient */,
				855139282C8B18AC00A8AA7B /* ViewModels */,
				855139272C8B18A700A8AA7B /* Views */,
				855139262C8B18A300A8AA7B /* Models */,
				855139252C8B189900A8AA7B /* Controllers */,
			);
			path = RickAndMorty;
			sourceTree = "<group>";
		};
		855139252C8B189900A8AA7B /* Controllers */ = {
			isa = PBXGroup;
			children = (
				855139592C8C579B00A8AA7B /* Other */,
				855139322C8B1A2F00A8AA7B /* Core */,
			);
			path = Controllers;
			sourceTree = "<group>";
		};
		855139262C8B18A300A8AA7B /* Models */ = {
			isa = PBXGroup;
			children = (
				8551394C2C8B4E2600A8AA7B /* APIResponseTypes */,
				8551394B2C8B4E1500A8AA7B /* DataTypes */,
			);
			path = Models;
			sourceTree = "<group>";
		};
		855139272C8B18A700A8AA7B /* Views */ = {
			isa = PBXGroup;
			children = (
				855139512C8B51D100A8AA7B /* RMCharacterListView.swift */,
				855139552C8B594600A8AA7B /* RMCharacterCell.swift */,
				8551395C2C8C588B00A8AA7B /* RMCharacterDetailView.swift */,
				855139602C8CA69900A8AA7B /* RMFooterLoadingCollectionReusableView.swift */,
			);
			path = Views;
			sourceTree = "<group>";
		};
		855139282C8B18AC00A8AA7B /* ViewModels */ = {
			isa = PBXGroup;
			children = (
				8551394F2C8B518000A8AA7B /* RMCharacterListViewViewModel.swift */,
				855139572C8B5A3900A8AA7B /* RMCharacterCellViewModel.swift */,
				8551395E2C8C589900A8AA7B /* RMCharacterDetailViewViewModel.swift */,
			);
			path = ViewModels;
			sourceTree = "<group>";
		};
		855139292C8B18B500A8AA7B /* APIClient */ = {
			isa = PBXGroup;
			children = (
				8551393B2C8B219C00A8AA7B /* RMService.swift */,
				8551393D2C8B21AD00A8AA7B /* RMRequest.swift */,
				8551393F2C8B222400A8AA7B /* RMEndpoint.swift */,
				855139492C8B41B400A8AA7B /* RMServiceError.swift */,
			);
			path = APIClient;
			sourceTree = "<group>";
		};
		8551392A2C8B18C700A8AA7B /* Managers */ = {
			isa = PBXGroup;
			children = (
				858122C72C8F278200B5DEB8 /* RMImageLoader.swift */,
			);
			path = Managers;
			sourceTree = "<group>";
		};
		8551392B2C8B18CC00A8AA7B /* Resources */ = {
			isa = PBXGroup;
			children = (
				855139112C8B176800A8AA7B /* AppDelegate.swift */,
				855139132C8B176800A8AA7B /* SceneDelegate.swift */,
				8551391A2C8B176A00A8AA7B /* Assets.xcassets */,
				8551391C2C8B176A00A8AA7B /* LaunchScreen.storyboard */,
				8551391F2C8B176A00A8AA7B /* Info.plist */,
				855139532C8B549700A8AA7B /* Extensions.swift */,
			);
			path = Resources;
			sourceTree = "<group>";
		};
		855139322C8B1A2F00A8AA7B /* Core */ = {
			isa = PBXGroup;
			children = (
				855139152C8B176800A8AA7B /* RMTabBarController.swift */,
				855139332C8B1A5100A8AA7B /* RMCharacterViewController.swift */,
				855139352C8B1A5B00A8AA7B /* RMLocationViewController.swift */,
				855139372C8B1A6200A8AA7B /* RMEpisodeViewController.swift */,
				855139392C8B1A6B00A8AA7B /* RMSettingsViewController.swift */,
			);
			path = Core;
			sourceTree = "<group>";
		};
		8551394B2C8B4E1500A8AA7B /* DataTypes */ = {
			isa = PBXGroup;
			children = (
				8551392C2C8B193300A8AA7B /* RMLocation.swift */,
				8551392E2C8B195F00A8AA7B /* RMCharacter.swift */,
				855139302C8B196500A8AA7B /* RMEpisode.swift */,
				855139412C8B2CB000A8AA7B /* RMOrigin.swift */,
				855139432C8B2CFF00A8AA7B /* RMSingleLocation.swift */,
				855139452C8B2D5900A8AA7B /* RMCharacterStatus.swift */,
				855139472C8B2DEC00A8AA7B /* RMCharacterGender.swift */,
			);
			path = DataTypes;
			sourceTree = "<group>";
		};
		8551394C2C8B4E2600A8AA7B /* APIResponseTypes */ = {
			isa = PBXGroup;
			children = (
				8551394D2C8B4E3900A8AA7B /* RMGetAllCharactersResponse.swift */,
			);
			path = APIResponseTypes;
			sourceTree = "<group>";
		};
		855139592C8C579B00A8AA7B /* Other */ = {
			isa = PBXGroup;
			children = (
				8551395A2C8C57C400A8AA7B /* RMCharacterDetailViewController.swift */,
			);
			path = Other;
			sourceTree = "<group>";
		};
/* End PBXGroup section */

/* Begin PBXNativeTarget section */
		8551390D2C8B176800A8AA7B /* RickAndMorty */ = {
			isa = PBXNativeTarget;
			buildConfigurationList = 855139222C8B176A00A8AA7B /* Build configuration list for PBXNativeTarget "RickAndMorty" */;
			buildPhases = (
				8551390A2C8B176800A8AA7B /* Sources */,
				8551390B2C8B176800A8AA7B /* Frameworks */,
				8551390C2C8B176800A8AA7B /* Resources */,
			);
			buildRules = (
			);
			dependencies = (
			);
			name = RickAndMorty;
			productName = RickAndMorty;
			productReference = 8551390E2C8B176800A8AA7B /* RickAndMorty.app */;
			productType = "com.apple.product-type.application";
		};
/* End PBXNativeTarget section */

/* Begin PBXProject section */
		855139062C8B176800A8AA7B /* Project object */ = {
			isa = PBXProject;
			attributes = {
				BuildIndependentTargetsInParallel = 1;
				LastSwiftUpdateCheck = 1510;
				LastUpgradeCheck = 1510;
				TargetAttributes = {
					8551390D2C8B176800A8AA7B = {
						CreatedOnToolsVersion = 15.1;
					};
				};
			};
			buildConfigurationList = 855139092C8B176800A8AA7B /* Build configuration list for PBXProject "RickAndMorty" */;
			compatibilityVersion = "Xcode 14.0";
			developmentRegion = en;
			hasScannedForEncodings = 0;
			knownRegions = (
				en,
				Base,
			);
			mainGroup = 855139052C8B176800A8AA7B;
			productRefGroup = 8551390F2C8B176800A8AA7B /* Products */;
			projectDirPath = "";
			projectRoot = "";
			targets = (
				8551390D2C8B176800A8AA7B /* RickAndMorty */,
			);
		};
/* End PBXProject section */

/* Begin PBXResourcesBuildPhase section */
		8551390C2C8B176800A8AA7B /* Resources */ = {
			isa = PBXResourcesBuildPhase;
			buildActionMask = 2147483647;
			files = (
				8551391E2C8B176A00A8AA7B /* LaunchScreen.storyboard in Resources */,
				8551391B2C8B176A00A8AA7B /* Assets.xcassets in Resources */,
			);
			runOnlyForDeploymentPostprocessing = 0;
		};
/* End PBXResourcesBuildPhase section */

/* Begin PBXSourcesBuildPhase section */
		8551390A2C8B176800A8AA7B /* Sources */ = {
			isa = PBXSourcesBuildPhase;
			buildActionMask = 2147483647;
			files = (
				855139422C8B2CB000A8AA7B /* RMOrigin.swift in Sources */,
				855139582C8B5A3900A8AA7B /* RMCharacterCellViewModel.swift in Sources */,
				855139442C8B2CFF00A8AA7B /* RMSingleLocation.swift in Sources */,
				855139362C8B1A5B00A8AA7B /* RMLocationViewController.swift in Sources */,
				855139482C8B2DEC00A8AA7B /* RMCharacterGender.swift in Sources */,
				855139312C8B196500A8AA7B /* RMEpisode.swift in Sources */,
				855139162C8B176800A8AA7B /* RMTabBarController.swift in Sources */,
				858122C82C8F278200B5DEB8 /* RMImageLoader.swift in Sources */,
				855139382C8B1A6200A8AA7B /* RMEpisodeViewController.swift in Sources */,
				855139122C8B176800A8AA7B /* AppDelegate.swift in Sources */,
				855139142C8B176800A8AA7B /* SceneDelegate.swift in Sources */,
				855139542C8B549700A8AA7B /* Extensions.swift in Sources */,
				8551395B2C8C57C400A8AA7B /* RMCharacterDetailViewController.swift in Sources */,
				855139522C8B51D200A8AA7B /* RMCharacterListView.swift in Sources */,
				8551393A2C8B1A6B00A8AA7B /* RMSettingsViewController.swift in Sources */,
				8551393C2C8B219C00A8AA7B /* RMService.swift in Sources */,
				8551394A2C8B41B400A8AA7B /* RMServiceError.swift in Sources */,
				8551395F2C8C589900A8AA7B /* RMCharacterDetailViewViewModel.swift in Sources */,
				8551392D2C8B193300A8AA7B /* RMLocation.swift in Sources */,
				855139402C8B222400A8AA7B /* RMEndpoint.swift in Sources */,
				8551395D2C8C588B00A8AA7B /* RMCharacterDetailView.swift in Sources */,
				8551394E2C8B4E3900A8AA7B /* RMGetAllCharactersResponse.swift in Sources */,
				855139462C8B2D5900A8AA7B /* RMCharacterStatus.swift in Sources */,
				8551392F2C8B195F00A8AA7B /* RMCharacter.swift in Sources */,
				855139562C8B594600A8AA7B /* RMCharacterCell.swift in Sources */,
				855139612C8CA69900A8AA7B /* RMFooterLoadingCollectionReusableView.swift in Sources */,
				8551393E2C8B21AD00A8AA7B /* RMRequest.swift in Sources */,
				855139502C8B518000A8AA7B /* RMCharacterListViewViewModel.swift in Sources */,
				855139342C8B1A5100A8AA7B /* RMCharacterViewController.swift in Sources */,
			);
			runOnlyForDeploymentPostprocessing = 0;
		};
/* End PBXSourcesBuildPhase section */

/* Begin PBXVariantGroup section */
		8551391C2C8B176A00A8AA7B /* LaunchScreen.storyboard */ = {
			isa = PBXVariantGroup;
			children = (
				8551391D2C8B176A00A8AA7B /* Base */,
			);
			name = LaunchScreen.storyboard;
			sourceTree = "<group>";
		};
/* End PBXVariantGroup section */

/* Begin XCBuildConfiguration section */
		855139202C8B176A00A8AA7B /* Debug */ = {
			isa = XCBuildConfiguration;
			buildSettings = {
				ALWAYS_SEARCH_USER_PATHS = NO;
				ASSETCATALOG_COMPILER_GENERATE_SWIFT_ASSET_SYMBOL_EXTENSIONS = YES;
				CLANG_ANALYZER_NONNULL = YES;
				CLANG_ANALYZER_NUMBER_OBJECT_CONVERSION = YES_AGGRESSIVE;
				CLANG_CXX_LANGUAGE_STANDARD = "gnu++20";
				CLANG_ENABLE_MODULES = YES;
				CLANG_ENABLE_OBJC_ARC = YES;
				CLANG_ENABLE_OBJC_WEAK = YES;
				CLANG_WARN_BLOCK_CAPTURE_AUTORELEASING = YES;
				CLANG_WARN_BOOL_CONVERSION = YES;
				CLANG_WARN_COMMA = YES;
				CLANG_WARN_CONSTANT_CONVERSION = YES;
				CLANG_WARN_DEPRECATED_OBJC_IMPLEMENTATIONS = YES;
				CLANG_WARN_DIRECT_OBJC_ISA_USAGE = YES_ERROR;
				CLANG_WARN_DOCUMENTATION_COMMENTS = YES;
				CLANG_WARN_EMPTY_BODY = YES;
				CLANG_WARN_ENUM_CONVERSION = YES;
				CLANG_WARN_INFINITE_RECURSION = YES;
				CLANG_WARN_INT_CONVERSION = YES;
				CLANG_WARN_NON_LITERAL_NULL_CONVERSION = YES;
				CLANG_WARN_OBJC_IMPLICIT_RETAIN_SELF = YES;
				CLANG_WARN_OBJC_LITERAL_CONVERSION = YES;
				CLANG_WARN_OBJC_ROOT_CLASS = YES_ERROR;
				CLANG_WARN_QUOTED_INCLUDE_IN_FRAMEWORK_HEADER = YES;
				CLANG_WARN_RANGE_LOOP_ANALYSIS = YES;
				CLANG_WARN_STRICT_PROTOTYPES = YES;
				CLANG_WARN_SUSPICIOUS_MOVE = YES;
				CLANG_WARN_UNGUARDED_AVAILABILITY = YES_AGGRESSIVE;
				CLANG_WARN_UNREACHABLE_CODE = YES;
				CLANG_WARN__DUPLICATE_METHOD_MATCH = YES;
				COPY_PHASE_STRIP = NO;
				DEBUG_INFORMATION_FORMAT = dwarf;
				ENABLE_STRICT_OBJC_MSGSEND = YES;
				ENABLE_TESTABILITY = YES;
				ENABLE_USER_SCRIPT_SANDBOXING = YES;
				GCC_C_LANGUAGE_STANDARD = gnu17;
				GCC_DYNAMIC_NO_PIC = NO;
				GCC_NO_COMMON_BLOCKS = YES;
				GCC_OPTIMIZATION_LEVEL = 0;
				GCC_PREPROCESSOR_DEFINITIONS = (
					"DEBUG=1",
					"$(inherited)",
				);
				GCC_WARN_64_TO_32_BIT_CONVERSION = YES;
				GCC_WARN_ABOUT_RETURN_TYPE = YES_ERROR;
				GCC_WARN_UNDECLARED_SELECTOR = YES;
				GCC_WARN_UNINITIALIZED_AUTOS = YES_AGGRESSIVE;
				GCC_WARN_UNUSED_FUNCTION = YES;
				GCC_WARN_UNUSED_VARIABLE = YES;
				IPHONEOS_DEPLOYMENT_TARGET = 17.2;
				LOCALIZATION_PREFERS_STRING_CATALOGS = YES;
				MTL_ENABLE_DEBUG_INFO = INCLUDE_SOURCE;
				MTL_FAST_MATH = YES;
				ONLY_ACTIVE_ARCH = YES;
				SDKROOT = iphoneos;
				SWIFT_ACTIVE_COMPILATION_CONDITIONS = "DEBUG $(inherited)";
				SWIFT_OPTIMIZATION_LEVEL = "-Onone";
			};
			name = Debug;
		};
		855139212C8B176A00A8AA7B /* Release */ = {
			isa = XCBuildConfiguration;
			buildSettings = {
				ALWAYS_SEARCH_USER_PATHS = NO;
				ASSETCATALOG_COMPILER_GENERATE_SWIFT_ASSET_SYMBOL_EXTENSIONS = YES;
				CLANG_ANALYZER_NONNULL = YES;
				CLANG_ANALYZER_NUMBER_OBJECT_CONVERSION = YES_AGGRESSIVE;
				CLANG_CXX_LANGUAGE_STANDARD = "gnu++20";
				CLANG_ENABLE_MODULES = YES;
				CLANG_ENABLE_OBJC_ARC = YES;
				CLANG_ENABLE_OBJC_WEAK = YES;
				CLANG_WARN_BLOCK_CAPTURE_AUTORELEASING = YES;
				CLANG_WARN_BOOL_CONVERSION = YES;
				CLANG_WARN_COMMA = YES;
				CLANG_WARN_CONSTANT_CONVERSION = YES;
				CLANG_WARN_DEPRECATED_OBJC_IMPLEMENTATIONS = YES;
				CLANG_WARN_DIRECT_OBJC_ISA_USAGE = YES_ERROR;
				CLANG_WARN_DOCUMENTATION_COMMENTS = YES;
				CLANG_WARN_EMPTY_BODY = YES;
				CLANG_WARN_ENUM_CONVERSION = YES;
				CLANG_WARN_INFINITE_RECURSION = YES;
				CLANG_WARN_INT_CONVERSION = YES;
				CLANG_WARN_NON_LITERAL_NULL_CONVERSION = YES;
				CLANG_WARN_OBJC_IMPLICIT_RETAIN_SELF = YES;
				CLANG_WARN_OBJC_LITERAL_CONVERSION = YES;
				CLANG_WARN_OBJC_ROOT_CLASS = YES_ERROR;
				CLANG_WARN_QUOTED_INCLUDE_IN_FRAMEWORK_HEADER = YES;
				CLANG_WARN_RANGE_LOOP_ANALYSIS = YES;
				CLANG_WARN_STRICT_PROTOTYPES = YES;
				CLANG_WARN_SUSPICIOUS_MOVE = YES;
				CLANG_WARN_UNGUARDED_AVAILABILITY = YES_AGGRESSIVE;
				CLANG_WARN_UNREACHABLE_CODE = YES;
				CLANG_WARN__DUPLICATE_METHOD_MATCH = YES;
				COPY_PHASE_STRIP = NO;
				DEBUG_INFORMATION_FORMAT = "dwarf-with-dsym";
				ENABLE_NS_ASSERTIONS = NO;
				ENABLE_STRICT_OBJC_MSGSEND = YES;
				ENABLE_USER_SCRIPT_SANDBOXING = YES;
				GCC_C_LANGUAGE_STANDARD = gnu17;
				GCC_NO_COMMON_BLOCKS = YES;
				GCC_WARN_64_TO_32_BIT_CONVERSION = YES;
				GCC_WARN_ABOUT_RETURN_TYPE = YES_ERROR;
				GCC_WARN_UNDECLARED_SELECTOR = YES;
				GCC_WARN_UNINITIALIZED_AUTOS = YES_AGGRESSIVE;
				GCC_WARN_UNUSED_FUNCTION = YES;
				GCC_WARN_UNUSED_VARIABLE = YES;
				IPHONEOS_DEPLOYMENT_TARGET = 17.2;
				LOCALIZATION_PREFERS_STRING_CATALOGS = YES;
				MTL_ENABLE_DEBUG_INFO = NO;
				MTL_FAST_MATH = YES;
				SDKROOT = iphoneos;
				SWIFT_COMPILATION_MODE = wholemodule;
				VALIDATE_PRODUCT = YES;
			};
			name = Release;
		};
		855139232C8B176A00A8AA7B /* Debug */ = {
			isa = XCBuildConfiguration;
			buildSettings = {
				ASSETCATALOG_COMPILER_APPICON_NAME = AppIcon;
				ASSETCATALOG_COMPILER_GLOBAL_ACCENT_COLOR_NAME = AccentColor;
				CODE_SIGN_STYLE = Automatic;
				CURRENT_PROJECT_VERSION = 1;
				GENERATE_INFOPLIST_FILE = YES;
				INFOPLIST_FILE = RickAndMorty/Resources/Info.plist;
				INFOPLIST_KEY_UIApplicationSupportsIndirectInputEvents = YES;
				INFOPLIST_KEY_UILaunchStoryboardName = LaunchScreen;
				INFOPLIST_KEY_UISupportedInterfaceOrientations_iPad = "UIInterfaceOrientationPortrait UIInterfaceOrientationPortraitUpsideDown UIInterfaceOrientationLandscapeLeft UIInterfaceOrientationLandscapeRight";
				INFOPLIST_KEY_UISupportedInterfaceOrientations_iPhone = "UIInterfaceOrientationPortrait UIInterfaceOrientationLandscapeLeft UIInterfaceOrientationLandscapeRight";
				LD_RUNPATH_SEARCH_PATHS = (
					"$(inherited)",
					"@executable_path/Frameworks",
				);
				MARKETING_VERSION = 1.0;
				PRODUCT_BUNDLE_IDENTIFIER = com.RickAndMorty;
				PRODUCT_NAME = "$(TARGET_NAME)";
				SWIFT_EMIT_LOC_STRINGS = YES;
				SWIFT_VERSION = 5.0;
				TARGETED_DEVICE_FAMILY = "1,2";
			};
			name = Debug;
		};
		855139242C8B176A00A8AA7B /* Release */ = {
			isa = XCBuildConfiguration;
			buildSettings = {
				ASSETCATALOG_COMPILER_APPICON_NAME = AppIcon;
				ASSETCATALOG_COMPILER_GLOBAL_ACCENT_COLOR_NAME = AccentColor;
				CODE_SIGN_STYLE = Automatic;
				CURRENT_PROJECT_VERSION = 1;
				GENERATE_INFOPLIST_FILE = YES;
				INFOPLIST_FILE = RickAndMorty/Resources/Info.plist;
				INFOPLIST_KEY_UIApplicationSupportsIndirectInputEvents = YES;
				INFOPLIST_KEY_UILaunchStoryboardName = LaunchScreen;
				INFOPLIST_KEY_UISupportedInterfaceOrientations_iPad = "UIInterfaceOrientationPortrait UIInterfaceOrientationPortraitUpsideDown UIInterfaceOrientationLandscapeLeft UIInterfaceOrientationLandscapeRight";
				INFOPLIST_KEY_UISupportedInterfaceOrientations_iPhone = "UIInterfaceOrientationPortrait UIInterfaceOrientationLandscapeLeft UIInterfaceOrientationLandscapeRight";
				LD_RUNPATH_SEARCH_PATHS = (
					"$(inherited)",
					"@executable_path/Frameworks",
				);
				MARKETING_VERSION = 1.0;
				PRODUCT_BUNDLE_IDENTIFIER = com.RickAndMorty;
				PRODUCT_NAME = "$(TARGET_NAME)";
				SWIFT_EMIT_LOC_STRINGS = YES;
				SWIFT_VERSION = 5.0;
				TARGETED_DEVICE_FAMILY = "1,2";
			};
			name = Release;
		};
/* End XCBuildConfiguration section */

/* Begin XCConfigurationList section */
		855139092C8B176800A8AA7B /* Build configuration list for PBXProject "RickAndMorty" */ = {
			isa = XCConfigurationList;
			buildConfigurations = (
				855139202C8B176A00A8AA7B /* Debug */,
				855139212C8B176A00A8AA7B /* Release */,
			);
			defaultConfigurationIsVisible = 0;
			defaultConfigurationName = Release;
		};
		855139222C8B176A00A8AA7B /* Build configuration list for PBXNativeTarget "RickAndMorty" */ = {
			isa = XCConfigurationList;
			buildConfigurations = (
				855139232C8B176A00A8AA7B /* Debug */,
				855139242C8B176A00A8AA7B /* Release */,
			);
			defaultConfigurationIsVisible = 0;
			defaultConfigurationName = Release;
		};
/* End XCConfigurationList section */
	};
	rootObject = 855139062C8B176800A8AA7B /* Project object */;
}
