// !$*UTF8*$!
{
	archiveVersion = 1;
	classes = {
	};
	objectVersion = 56;
	objects = {

/* Begin PBXBuildFile section */
		302795D12A82E3060027BFC1 /* AppDelegate.swift in Sources */ = {isa = PBXBuildFile; fileRef = 302795D02A82E3060027BFC1 /* AppDelegate.swift */; };
		302795D32A82E3060027BFC1 /* SceneDelegate.swift in Sources */ = {isa = PBXBuildFile; fileRef = 302795D22A82E3060027BFC1 /* SceneDelegate.swift */; };
		302795D52A82E3060027BFC1 /* RMTabBarController.swift in Sources */ = {isa = PBXBuildFile; fileRef = 302795D42A82E3060027BFC1 /* RMTabBarController.swift */; };
		302795DA2A82E3080027BFC1 /* Assets.xcassets in Resources */ = {isa = PBXBuildFile; fileRef = 302795D92A82E3080027BFC1 /* Assets.xcassets */; };
		302795DD2A82E3080027BFC1 /* LaunchScreen.storyboard in Resources */ = {isa = PBXBuildFile; fileRef = 302795DB2A82E3080027BFC1 /* LaunchScreen.storyboard */; };
		302795EC2A837E200027BFC1 /* RMLocation.swift in Sources */ = {isa = PBXBuildFile; fileRef = 302795EB2A837E200027BFC1 /* RMLocation.swift */; };
		302795EE2A837E2F0027BFC1 /* RMCharacter.swift in Sources */ = {isa = PBXBuildFile; fileRef = 302795ED2A837E2F0027BFC1 /* RMCharacter.swift */; };
		302795F02A837E390027BFC1 /* RMEpisode.swift in Sources */ = {isa = PBXBuildFile; fileRef = 302795EF2A837E390027BFC1 /* RMEpisode.swift */; };
		302795F32A837EC80027BFC1 /* RMCharacterViewController.swift in Sources */ = {isa = PBXBuildFile; fileRef = 302795F22A837EC80027BFC1 /* RMCharacterViewController.swift */; };
		302795F52A837ED00027BFC1 /* RMLocationViewController.swift in Sources */ = {isa = PBXBuildFile; fileRef = 302795F42A837ED00027BFC1 /* RMLocationViewController.swift */; };
		302795F72A837EDA0027BFC1 /* RMEpisodeViewController.swift in Sources */ = {isa = PBXBuildFile; fileRef = 302795F62A837EDA0027BFC1 /* RMEpisodeViewController.swift */; };
		302795F92A837EE20027BFC1 /* RMSettingsViewController.swift in Sources */ = {isa = PBXBuildFile; fileRef = 302795F82A837EE20027BFC1 /* RMSettingsViewController.swift */; };
/* End PBXBuildFile section */

/* Begin PBXFileReference section */
		302795CD2A82E3060027BFC1 /* RickAndMorty.app */ = {isa = PBXFileReference; explicitFileType = wrapper.application; includeInIndex = 0; path = RickAndMorty.app; sourceTree = BUILT_PRODUCTS_DIR; };
		302795D02A82E3060027BFC1 /* AppDelegate.swift */ = {isa = PBXFileReference; lastKnownFileType = sourcecode.swift; path = AppDelegate.swift; sourceTree = "<group>"; };
		302795D22A82E3060027BFC1 /* SceneDelegate.swift */ = {isa = PBXFileReference; lastKnownFileType = sourcecode.swift; path = SceneDelegate.swift; sourceTree = "<group>"; };
		302795D42A82E3060027BFC1 /* RMTabBarController.swift */ = {isa = PBXFileReference; lastKnownFileType = sourcecode.swift; path = RMTabBarController.swift; sourceTree = "<group>"; };
		302795D92A82E3080027BFC1 /* Assets.xcassets */ = {isa = PBXFileReference; lastKnownFileType = folder.assetcatalog; path = Assets.xcassets; sourceTree = "<group>"; };
		302795DC2A82E3080027BFC1 /* Base */ = {isa = PBXFileReference; lastKnownFileType = file.storyboard; name = Base; path = Base.lproj/LaunchScreen.storyboard; sourceTree = "<group>"; };
		302795DE2A82E3080027BFC1 /* Info.plist */ = {isa = PBXFileReference; lastKnownFileType = text.plist.xml; path = Info.plist; sourceTree = "<group>"; };
		302795EB2A837E200027BFC1 /* RMLocation.swift */ = {isa = PBXFileReference; lastKnownFileType = sourcecode.swift; path = RMLocation.swift; sourceTree = "<group>"; };
		302795ED2A837E2F0027BFC1 /* RMCharacter.swift */ = {isa = PBXFileReference; lastKnownFileType = sourcecode.swift; path = RMCharacter.swift; sourceTree = "<group>"; };
		302795EF2A837E390027BFC1 /* RMEpisode.swift */ = {isa = PBXFileReference; lastKnownFileType = sourcecode.swift; path = RMEpisode.swift; sourceTree = "<group>"; };
		302795F22A837EC80027BFC1 /* RMCharacterViewController.swift */ = {isa = PBXFileReference; lastKnownFileType = sourcecode.swift; path = RMCharacterViewController.swift; sourceTree = "<group>"; };
		302795F42A837ED00027BFC1 /* RMLocationViewController.swift */ = {isa = PBXFileReference; lastKnownFileType = sourcecode.swift; path = RMLocationViewController.swift; sourceTree = "<group>"; };
		302795F62A837EDA0027BFC1 /* RMEpisodeViewController.swift */ = {isa = PBXFileReference; lastKnownFileType = sourcecode.swift; path = RMEpisodeViewController.swift; sourceTree = "<group>"; };
		302795F82A837EE20027BFC1 /* RMSettingsViewController.swift */ = {isa = PBXFileReference; lastKnownFileType = sourcecode.swift; path = RMSettingsViewController.swift; sourceTree = "<group>"; };
/* End PBXFileReference section */

/* Begin PBXFrameworksBuildPhase section */
		302795CA2A82E3060027BFC1 /* Frameworks */ = {
			isa = PBXFrameworksBuildPhase;
			buildActionMask = 2147483647;
			files = (
			);
			runOnlyForDeploymentPostprocessing = 0;
		};
/* End PBXFrameworksBuildPhase section */

/* Begin PBXGroup section */
		302795C42A82E3060027BFC1 = {
			isa = PBXGroup;
			children = (
				302795CF2A82E3060027BFC1 /* RIckAndMorty */,
				302795CE2A82E3060027BFC1 /* Products */,
			);
			sourceTree = "<group>";
		};
		302795CE2A82E3060027BFC1 /* Products */ = {
			isa = PBXGroup;
			children = (
				302795CD2A82E3060027BFC1 /* RickAndMorty.app */,
			);
			name = Products;
			sourceTree = "<group>";
		};
		302795CF2A82E3060027BFC1 /* RIckAndMorty */ = {
			isa = PBXGroup;
			children = (
				302795DE2A82E3080027BFC1 /* Info.plist */,
				302795EA2A837D750027BFC1 /* Resources */,
				302795E92A837D700027BFC1 /* Managers */,
				302795E82A837D670027BFC1 /* APIClient */,
				302795E72A837D590027BFC1 /* ViewModels */,
				302795E62A837D530027BFC1 /* Views */,
				302795E52A837D4E0027BFC1 /* Models */,
				302795E42A837D3E0027BFC1 /* Controllers */,
			);
			path = RIckAndMorty;
			sourceTree = "<group>";
		};
		302795E42A837D3E0027BFC1 /* Controllers */ = {
			isa = PBXGroup;
			children = (
				302795F12A837EA90027BFC1 /* Core */,
			);
			path = Controllers;
			sourceTree = "<group>";
		};
		302795E52A837D4E0027BFC1 /* Models */ = {
			isa = PBXGroup;
			children = (
				302795EB2A837E200027BFC1 /* RMLocation.swift */,
				302795ED2A837E2F0027BFC1 /* RMCharacter.swift */,
				302795EF2A837E390027BFC1 /* RMEpisode.swift */,
			);
			path = Models;
			sourceTree = "<group>";
		};
		302795E62A837D530027BFC1 /* Views */ = {
			isa = PBXGroup;
			children = (
			);
			path = Views;
			sourceTree = "<group>";
		};
		302795E72A837D590027BFC1 /* ViewModels */ = {
			isa = PBXGroup;
			children = (
			);
			path = ViewModels;
			sourceTree = "<group>";
		};
		302795E82A837D670027BFC1 /* APIClient */ = {
			isa = PBXGroup;
			children = (
			);
			path = APIClient;
			sourceTree = "<group>";
		};
		302795E92A837D700027BFC1 /* Managers */ = {
			isa = PBXGroup;
			children = (
			);
			path = Managers;
			sourceTree = "<group>";
		};
		302795EA2A837D750027BFC1 /* Resources */ = {
			isa = PBXGroup;
			children = (
				302795D02A82E3060027BFC1 /* AppDelegate.swift */,
				302795D22A82E3060027BFC1 /* SceneDelegate.swift */,
				302795DB2A82E3080027BFC1 /* LaunchScreen.storyboard */,
				302795D92A82E3080027BFC1 /* Assets.xcassets */,
			);
			path = Resources;
			sourceTree = "<group>";
		};
		302795F12A837EA90027BFC1 /* Core */ = {
			isa = PBXGroup;
			children = (
				302795D42A82E3060027BFC1 /* RMTabBarController.swift */,
				302795F22A837EC80027BFC1 /* RMCharacterViewController.swift */,
				302795F42A837ED00027BFC1 /* RMLocationViewController.swift */,
				302795F62A837EDA0027BFC1 /* RMEpisodeViewController.swift */,
				302795F82A837EE20027BFC1 /* RMSettingsViewController.swift */,
			);
			path = Core;
			sourceTree = "<group>";
		};
/* End PBXGroup section */

/* Begin PBXNativeTarget section */
		302795CC2A82E3060027BFC1 /* RickAndMorty */ = {
			isa = PBXNativeTarget;
			buildConfigurationList = 302795E12A82E3080027BFC1 /* Build configuration list for PBXNativeTarget "RickAndMorty" */;
			buildPhases = (
				302795C92A82E3060027BFC1 /* Sources */,
				302795CA2A82E3060027BFC1 /* Frameworks */,
				302795CB2A82E3060027BFC1 /* Resources */,
			);
			buildRules = (
			);
			dependencies = (
			);
			name = RickAndMorty;
			productName = RIckAndMorty;
			productReference = 302795CD2A82E3060027BFC1 /* RickAndMorty.app */;
			productType = "com.apple.product-type.application";
		};
/* End PBXNativeTarget section */

/* Begin PBXProject section */
		302795C52A82E3060027BFC1 /* Project object */ = {
			isa = PBXProject;
			attributes = {
				BuildIndependentTargetsInParallel = 1;
				LastSwiftUpdateCheck = 1400;
				LastUpgradeCheck = 1400;
				TargetAttributes = {
					302795CC2A82E3060027BFC1 = {
						CreatedOnToolsVersion = 14.0.1;
					};
				};
			};
			buildConfigurationList = 302795C82A82E3060027BFC1 /* Build configuration list for PBXProject "RickAndMorty" */;
			compatibilityVersion = "Xcode 14.0";
			developmentRegion = en;
			hasScannedForEncodings = 0;
			knownRegions = (
				en,
				Base,
			);
			mainGroup = 302795C42A82E3060027BFC1;
			productRefGroup = 302795CE2A82E3060027BFC1 /* Products */;
			projectDirPath = "";
			projectRoot = "";
			targets = (
				302795CC2A82E3060027BFC1 /* RickAndMorty */,
			);
		};
/* End PBXProject section */

/* Begin PBXResourcesBuildPhase section */
		302795CB2A82E3060027BFC1 /* Resources */ = {
			isa = PBXResourcesBuildPhase;
			buildActionMask = 2147483647;
			files = (
				302795DD2A82E3080027BFC1 /* LaunchScreen.storyboard in Resources */,
				302795DA2A82E3080027BFC1 /* Assets.xcassets in Resources */,
			);
			runOnlyForDeploymentPostprocessing = 0;
		};
/* End PBXResourcesBuildPhase section */

/* Begin PBXSourcesBuildPhase section */
		302795C92A82E3060027BFC1 /* Sources */ = {
			isa = PBXSourcesBuildPhase;
			buildActionMask = 2147483647;
			files = (
				302795F52A837ED00027BFC1 /* RMLocationViewController.swift in Sources */,
				302795F02A837E390027BFC1 /* RMEpisode.swift in Sources */,
				302795D52A82E3060027BFC1 /* RMTabBarController.swift in Sources */,
				302795F72A837EDA0027BFC1 /* RMEpisodeViewController.swift in Sources */,
				302795D12A82E3060027BFC1 /* AppDelegate.swift in Sources */,
				302795D32A82E3060027BFC1 /* SceneDelegate.swift in Sources */,
				302795F92A837EE20027BFC1 /* RMSettingsViewController.swift in Sources */,
				302795EC2A837E200027BFC1 /* RMLocation.swift in Sources */,
				302795EE2A837E2F0027BFC1 /* RMCharacter.swift in Sources */,
				302795F32A837EC80027BFC1 /* RMCharacterViewController.swift in Sources */,
			);
			runOnlyForDeploymentPostprocessing = 0;
		};
/* End PBXSourcesBuildPhase section */

/* Begin PBXVariantGroup section */
		302795DB2A82E3080027BFC1 /* LaunchScreen.storyboard */ = {
			isa = PBXVariantGroup;
			children = (
				302795DC2A82E3080027BFC1 /* Base */,
			);
			name = LaunchScreen.storyboard;
			sourceTree = "<group>";
		};
/* End PBXVariantGroup section */

/* Begin XCBuildConfiguration section */
		302795DF2A82E3080027BFC1 /* Debug */ = {
			isa = XCBuildConfiguration;
			buildSettings = {
				ALWAYS_SEARCH_USER_PATHS = NO;
				CLANG_ANALYZER_NONNULL = YES;
				CLANG_ANALYZER_NUMBER_OBJECT_CONVERSION = YES_AGGRESSIVE;
				CLANG_CXX_LANGUAGE_STANDARD = "gnu++20";
				CLANG_ENABLE_MODULES = YES;
				CLANG_ENABLE_OBJC_ARC = YES;
				CLANG_ENABLE_OBJC_WEAK = YES;
				CLANG_WARN_BLOCK_CAPTURE_AUTORELEASING = YES;
				CLANG_WARN_BOOL_CONVERSION = YES;
				CLANG_WARN_COMMA = YES;
				CLANG_WARN_CONSTANT_CONVERSION = YES;
				CLANG_WARN_DEPRECATED_OBJC_IMPLEMENTATIONS = YES;
				CLANG_WARN_DIRECT_OBJC_ISA_USAGE = YES_ERROR;
				CLANG_WARN_DOCUMENTATION_COMMENTS = YES;
				CLANG_WARN_EMPTY_BODY = YES;
				CLANG_WARN_ENUM_CONVERSION = YES;
				CLANG_WARN_INFINITE_RECURSION = YES;
				CLANG_WARN_INT_CONVERSION = YES;
				CLANG_WARN_NON_LITERAL_NULL_CONVERSION = YES;
				CLANG_WARN_OBJC_IMPLICIT_RETAIN_SELF = YES;
				CLANG_WARN_OBJC_LITERAL_CONVERSION = YES;
				CLANG_WARN_OBJC_ROOT_CLASS = YES_ERROR;
				CLANG_WARN_QUOTED_INCLUDE_IN_FRAMEWORK_HEADER = YES;
				CLANG_WARN_RANGE_LOOP_ANALYSIS = YES;
				CLANG_WARN_STRICT_PROTOTYPES = YES;
				CLANG_WARN_SUSPICIOUS_MOVE = YES;
				CLANG_WARN_UNGUARDED_AVAILABILITY = YES_AGGRESSIVE;
				CLANG_WARN_UNREACHABLE_CODE = YES;
				CLANG_WARN__DUPLICATE_METHOD_MATCH = YES;
				COPY_PHASE_STRIP = NO;
				DEBUG_INFORMATION_FORMAT = dwarf;
				ENABLE_STRICT_OBJC_MSGSEND = YES;
				ENABLE_TESTABILITY = YES;
				GCC_C_LANGUAGE_STANDARD = gnu11;
				GCC_DYNAMIC_NO_PIC = NO;
				GCC_NO_COMMON_BLOCKS = YES;
				GCC_OPTIMIZATION_LEVEL = 0;
				GCC_PREPROCESSOR_DEFINITIONS = (
					"DEBUG=1",
					"$(inherited)",
				);
				GCC_WARN_64_TO_32_BIT_CONVERSION = YES;
				GCC_WARN_ABOUT_RETURN_TYPE = YES_ERROR;
				GCC_WARN_UNDECLARED_SELECTOR = YES;
				GCC_WARN_UNINITIALIZED_AUTOS = YES_AGGRESSIVE;
				GCC_WARN_UNUSED_FUNCTION = YES;
				GCC_WARN_UNUSED_VARIABLE = YES;
				IPHONEOS_DEPLOYMENT_TARGET = 16.0;
				MTL_ENABLE_DEBUG_INFO = INCLUDE_SOURCE;
				MTL_FAST_MATH = YES;
				ONLY_ACTIVE_ARCH = YES;
				SDKROOT = iphoneos;
				SWIFT_ACTIVE_COMPILATION_CONDITIONS = DEBUG;
				SWIFT_OPTIMIZATION_LEVEL = "-Onone";
			};
			name = Debug;
		};
		302795E02A82E3080027BFC1 /* Release */ = {
			isa = XCBuildConfiguration;
			buildSettings = {
				ALWAYS_SEARCH_USER_PATHS = NO;
				CLANG_ANALYZER_NONNULL = YES;
				CLANG_ANALYZER_NUMBER_OBJECT_CONVERSION = YES_AGGRESSIVE;
				CLANG_CXX_LANGUAGE_STANDARD = "gnu++20";
				CLANG_ENABLE_MODULES = YES;
				CLANG_ENABLE_OBJC_ARC = YES;
				CLANG_ENABLE_OBJC_WEAK = YES;
				CLANG_WARN_BLOCK_CAPTURE_AUTORELEASING = YES;
				CLANG_WARN_BOOL_CONVERSION = YES;
				CLANG_WARN_COMMA = YES;
				CLANG_WARN_CONSTANT_CONVERSION = YES;
				CLANG_WARN_DEPRECATED_OBJC_IMPLEMENTATIONS = YES;
				CLANG_WARN_DIRECT_OBJC_ISA_USAGE = YES_ERROR;
				CLANG_WARN_DOCUMENTATION_COMMENTS = YES;
				CLANG_WARN_EMPTY_BODY = YES;
				CLANG_WARN_ENUM_CONVERSION = YES;
				CLANG_WARN_INFINITE_RECURSION = YES;
				CLANG_WARN_INT_CONVERSION = YES;
				CLANG_WARN_NON_LITERAL_NULL_CONVERSION = YES;
				CLANG_WARN_OBJC_IMPLICIT_RETAIN_SELF = YES;
				CLANG_WARN_OBJC_LITERAL_CONVERSION = YES;
				CLANG_WARN_OBJC_ROOT_CLASS = YES_ERROR;
				CLANG_WARN_QUOTED_INCLUDE_IN_FRAMEWORK_HEADER = YES;
				CLANG_WARN_RANGE_LOOP_ANALYSIS = YES;
				CLANG_WARN_STRICT_PROTOTYPES = YES;
				CLANG_WARN_SUSPICIOUS_MOVE = YES;
				CLANG_WARN_UNGUARDED_AVAILABILITY = YES_AGGRESSIVE;
				CLANG_WARN_UNREACHABLE_CODE = YES;
				CLANG_WARN__DUPLICATE_METHOD_MATCH = YES;
				COPY_PHASE_STRIP = NO;
				DEBUG_INFORMATION_FORMAT = "dwarf-with-dsym";
				ENABLE_NS_ASSERTIONS = NO;
				ENABLE_STRICT_OBJC_MSGSEND = YES;
				GCC_C_LANGUAGE_STANDARD = gnu11;
				GCC_NO_COMMON_BLOCKS = YES;
				GCC_WARN_64_TO_32_BIT_CONVERSION = YES;
				GCC_WARN_ABOUT_RETURN_TYPE = YES_ERROR;
				GCC_WARN_UNDECLARED_SELECTOR = YES;
				GCC_WARN_UNINITIALIZED_AUTOS = YES_AGGRESSIVE;
				GCC_WARN_UNUSED_FUNCTION = YES;
				GCC_WARN_UNUSED_VARIABLE = YES;
				IPHONEOS_DEPLOYMENT_TARGET = 16.0;
				MTL_ENABLE_DEBUG_INFO = NO;
				MTL_FAST_MATH = YES;
				SDKROOT = iphoneos;
				SWIFT_COMPILATION_MODE = wholemodule;
				SWIFT_OPTIMIZATION_LEVEL = "-O";
				VALIDATE_PRODUCT = YES;
			};
			name = Release;
		};
		302795E22A82E3080027BFC1 /* Debug */ = {
			isa = XCBuildConfiguration;
			buildSettings = {
				ASSETCATALOG_COMPILER_APPICON_NAME = AppIcon;
				ASSETCATALOG_COMPILER_GLOBAL_ACCENT_COLOR_NAME = AccentColor;
				CODE_SIGN_STYLE = Automatic;
				CURRENT_PROJECT_VERSION = 1;
				GENERATE_INFOPLIST_FILE = YES;
				INFOPLIST_FILE = RIckAndMorty/Info.plist;
				INFOPLIST_KEY_UIApplicationSupportsIndirectInputEvents = YES;
				INFOPLIST_KEY_UILaunchStoryboardName = LaunchScreen;
				INFOPLIST_KEY_UISupportedInterfaceOrientations_iPad = "UIInterfaceOrientationPortrait UIInterfaceOrientationPortraitUpsideDown UIInterfaceOrientationLandscapeLeft UIInterfaceOrientationLandscapeRight";
				INFOPLIST_KEY_UISupportedInterfaceOrientations_iPhone = "UIInterfaceOrientationPortrait UIInterfaceOrientationLandscapeLeft UIInterfaceOrientationLandscapeRight";
				LD_RUNPATH_SEARCH_PATHS = (
					"$(inherited)",
					"@executable_path/Frameworks",
				);
				MARKETING_VERSION = 1.0;
				PRODUCT_BUNDLE_IDENTIFIER = sp.RIckAndMorty;
				PRODUCT_NAME = "$(TARGET_NAME)";
				SWIFT_EMIT_LOC_STRINGS = YES;
				SWIFT_VERSION = 5.0;
				TARGETED_DEVICE_FAMILY = "1,2";
			};
			name = Debug;
		};
		302795E32A82E3080027BFC1 /* Release */ = {
			isa = XCBuildConfiguration;
			buildSettings = {
				ASSETCATALOG_COMPILER_APPICON_NAME = AppIcon;
				ASSETCATALOG_COMPILER_GLOBAL_ACCENT_COLOR_NAME = AccentColor;
				CODE_SIGN_STYLE = Automatic;
				CURRENT_PROJECT_VERSION = 1;
				GENERATE_INFOPLIST_FILE = YES;
				INFOPLIST_FILE = RIckAndMorty/Info.plist;
				INFOPLIST_KEY_UIApplicationSupportsIndirectInputEvents = YES;
				INFOPLIST_KEY_UILaunchStoryboardName = LaunchScreen;
				INFOPLIST_KEY_UISupportedInterfaceOrientations_iPad = "UIInterfaceOrientationPortrait UIInterfaceOrientationPortraitUpsideDown UIInterfaceOrientationLandscapeLeft UIInterfaceOrientationLandscapeRight";
				INFOPLIST_KEY_UISupportedInterfaceOrientations_iPhone = "UIInterfaceOrientationPortrait UIInterfaceOrientationLandscapeLeft UIInterfaceOrientationLandscapeRight";
				LD_RUNPATH_SEARCH_PATHS = (
					"$(inherited)",
					"@executable_path/Frameworks",
				);
				MARKETING_VERSION = 1.0;
				PRODUCT_BUNDLE_IDENTIFIER = sp.RIckAndMorty;
				PRODUCT_NAME = "$(TARGET_NAME)";
				SWIFT_EMIT_LOC_STRINGS = YES;
				SWIFT_VERSION = 5.0;
				TARGETED_DEVICE_FAMILY = "1,2";
			};
			name = Release;
		};
/* End XCBuildConfiguration section */

/* Begin XCConfigurationList section */
		302795C82A82E3060027BFC1 /* Build configuration list for PBXProject "RickAndMorty" */ = {
			isa = XCConfigurationList;
			buildConfigurations = (
				302795DF2A82E3080027BFC1 /* Debug */,
				302795E02A82E3080027BFC1 /* Release */,
			);
			defaultConfigurationIsVisible = 0;
			defaultConfigurationName = Release;
		};
		302795E12A82E3080027BFC1 /* Build configuration list for PBXNativeTarget "RickAndMorty" */ = {
			isa = XCConfigurationList;
			buildConfigurations = (
				302795E22A82E3080027BFC1 /* Debug */,
				302795E32A82E3080027BFC1 /* Release */,
			);
			defaultConfigurationIsVisible = 0;
			defaultConfigurationName = Release;
		};
/* End XCConfigurationList section */
	};
	rootObject = 302795C52A82E3060027BFC1 /* Project object */;
}
